// !$*UTF8*$!
{
	archiveVersion = 1;
	classes = {
	};
	objectVersion = 56;
	objects = {

/* Begin PBXBuildFile section */
		00D66B422993617B000B7AC7 /* AppDelegate.swift in Sources */ = {isa = PBXBuildFile; fileRef = 00D66B412993617B000B7AC7 /* AppDelegate.swift */; };
		00D66B442993617B000B7AC7 /* SceneDelegate.swift in Sources */ = {isa = PBXBuildFile; fileRef = 00D66B432993617B000B7AC7 /* SceneDelegate.swift */; };
		00D66B492993617B000B7AC7 /* Main.storyboard in Resources */ = {isa = PBXBuildFile; fileRef = 00D66B472993617B000B7AC7 /* Main.storyboard */; };
		00D66B4B2993617C000B7AC7 /* Assets.xcassets in Resources */ = {isa = PBXBuildFile; fileRef = 00D66B4A2993617C000B7AC7 /* Assets.xcassets */; };
		00D66B4E2993617C000B7AC7 /* LaunchScreen.storyboard in Resources */ = {isa = PBXBuildFile; fileRef = 00D66B4C2993617C000B7AC7 /* LaunchScreen.storyboard */; };
		00D66B5629936217000B7AC7 /* PhoneBookViewController.swift in Sources */ = {isa = PBXBuildFile; fileRef = 00D66B5529936217000B7AC7 /* PhoneBookViewController.swift */; };
		00D66B5C299365D8000B7AC7 /* Person.swift in Sources */ = {isa = PBXBuildFile; fileRef = 00D66B5B299365D8000B7AC7 /* Person.swift */; };
		00D66B5E29936739000B7AC7 /* DataStore.swift in Sources */ = {isa = PBXBuildFile; fileRef = 00D66B5D29936739000B7AC7 /* DataStore.swift */; };
		00D66B65299414BD000B7AC7 /* InformationViewControllers.swift in Sources */ = {isa = PBXBuildFile; fileRef = 00D66B64299414BD000B7AC7 /* InformationViewControllers.swift */; };
		00D66B692994BAED000B7AC7 /* DetailedInformationTableViewController.swift in Sources */ = {isa = PBXBuildFile; fileRef = 00D66B682994BAED000B7AC7 /* DetailedInformationTableViewController.swift */; };
/* End PBXBuildFile section */

/* Begin PBXFileReference section */
		00D66B3E2993617B000B7AC7 /* phoneBook.app */ = {isa = PBXFileReference; explicitFileType = wrapper.application; includeInIndex = 0; path = phoneBook.app; sourceTree = BUILT_PRODUCTS_DIR; };
		00D66B412993617B000B7AC7 /* AppDelegate.swift */ = {isa = PBXFileReference; lastKnownFileType = sourcecode.swift; path = AppDelegate.swift; sourceTree = "<group>"; };
		00D66B432993617B000B7AC7 /* SceneDelegate.swift */ = {isa = PBXFileReference; lastKnownFileType = sourcecode.swift; path = SceneDelegate.swift; sourceTree = "<group>"; };
		00D66B482993617B000B7AC7 /* Base */ = {isa = PBXFileReference; lastKnownFileType = file.storyboard; name = Base; path = Base.lproj/Main.storyboard; sourceTree = "<group>"; };
		00D66B4A2993617C000B7AC7 /* Assets.xcassets */ = {isa = PBXFileReference; lastKnownFileType = folder.assetcatalog; path = Assets.xcassets; sourceTree = "<group>"; };
		00D66B4D2993617C000B7AC7 /* Base */ = {isa = PBXFileReference; lastKnownFileType = file.storyboard; name = Base; path = Base.lproj/LaunchScreen.storyboard; sourceTree = "<group>"; };
		00D66B4F2993617C000B7AC7 /* Info.plist */ = {isa = PBXFileReference; lastKnownFileType = text.plist.xml; path = Info.plist; sourceTree = "<group>"; };
		00D66B5529936217000B7AC7 /* PhoneBookViewController.swift */ = {isa = PBXFileReference; lastKnownFileType = sourcecode.swift; path = PhoneBookViewController.swift; sourceTree = "<group>"; };
		00D66B5B299365D8000B7AC7 /* Person.swift */ = {isa = PBXFileReference; lastKnownFileType = sourcecode.swift; path = Person.swift; sourceTree = "<group>"; };
		00D66B5D29936739000B7AC7 /* DataStore.swift */ = {isa = PBXFileReference; lastKnownFileType = sourcecode.swift; path = DataStore.swift; sourceTree = "<group>"; };
		00D66B64299414BD000B7AC7 /* InformationViewControllers.swift */ = {isa = PBXFileReference; lastKnownFileType = sourcecode.swift; path = InformationViewControllers.swift; sourceTree = "<group>"; };
		00D66B682994BAED000B7AC7 /* DetailedInformationTableViewController.swift */ = {isa = PBXFileReference; lastKnownFileType = sourcecode.swift; path = DetailedInformationTableViewController.swift; sourceTree = "<group>"; };
/* End PBXFileReference section */

/* Begin PBXFrameworksBuildPhase section */
		00D66B3B2993617B000B7AC7 /* Frameworks */ = {
			isa = PBXFrameworksBuildPhase;
			buildActionMask = 2147483647;
			files = (
			);
			runOnlyForDeploymentPostprocessing = 0;
		};
/* End PBXFrameworksBuildPhase section */

/* Begin PBXGroup section */
		00D66B352993617B000B7AC7 = {
			isa = PBXGroup;
			children = (
				00D66B402993617B000B7AC7 /* phoneBook */,
				00D66B3F2993617B000B7AC7 /* Products */,
			);
			sourceTree = "<group>";
		};
		00D66B3F2993617B000B7AC7 /* Products */ = {
			isa = PBXGroup;
			children = (
				00D66B3E2993617B000B7AC7 /* phoneBook.app */,
			);
			name = Products;
			sourceTree = "<group>";
		};
		00D66B402993617B000B7AC7 /* phoneBook */ = {
			isa = PBXGroup;
			children = (
				00D66B5F29936766000B7AC7 /* Modals */,
				00D66B6329936901000B7AC7 /* ViewControllers */,
				00D66B6129936864000B7AC7 /* Storybords */,
				00D66B6029936808000B7AC7 /* Services */,
				00D66B622993689A000B7AC7 /* SuportFiles */,
				00D66B4A2993617C000B7AC7 /* Assets.xcassets */,
				00D66B4F2993617C000B7AC7 /* Info.plist */,
			);
			path = phoneBook;
			sourceTree = "<group>";
		};
		00D66B5F29936766000B7AC7 /* Modals */ = {
			isa = PBXGroup;
			children = (
				00D66B5B299365D8000B7AC7 /* Person.swift */,
			);
			path = Modals;
			sourceTree = "<group>";
		};
		00D66B6029936808000B7AC7 /* Services */ = {
			isa = PBXGroup;
			children = (
				00D66B5D29936739000B7AC7 /* DataStore.swift */,
			);
			path = Services;
			sourceTree = "<group>";
		};
		00D66B6129936864000B7AC7 /* Storybords */ = {
			isa = PBXGroup;
			children = (
				00D66B472993617B000B7AC7 /* Main.storyboard */,
				00D66B4C2993617C000B7AC7 /* LaunchScreen.storyboard */,
			);
			path = Storybords;
			sourceTree = "<group>";
		};
		00D66B622993689A000B7AC7 /* SuportFiles */ = {
			isa = PBXGroup;
			children = (
				00D66B412993617B000B7AC7 /* AppDelegate.swift */,
				00D66B432993617B000B7AC7 /* SceneDelegate.swift */,
			);
			path = SuportFiles;
			sourceTree = "<group>";
		};
		00D66B6329936901000B7AC7 /* ViewControllers */ = {
			isa = PBXGroup;
			children = (
				00D66B5529936217000B7AC7 /* PhoneBookViewController.swift */,
				00D66B64299414BD000B7AC7 /* InformationViewControllers.swift */,
				00D66B682994BAED000B7AC7 /* DetailedInformationTableViewController.swift */,
			);
			path = ViewControllers;
			sourceTree = "<group>";
		};
/* End PBXGroup section */

/* Begin PBXNativeTarget section */
		00D66B3D2993617B000B7AC7 /* phoneBook */ = {
			isa = PBXNativeTarget;
			buildConfigurationList = 00D66B522993617C000B7AC7 /* Build configuration list for PBXNativeTarget "phoneBook" */;
			buildPhases = (
				00D66B3A2993617B000B7AC7 /* Sources */,
				00D66B3B2993617B000B7AC7 /* Frameworks */,
				00D66B3C2993617B000B7AC7 /* Resources */,
			);
			buildRules = (
			);
			dependencies = (
			);
			name = phoneBook;
			productName = phoneBook;
			productReference = 00D66B3E2993617B000B7AC7 /* phoneBook.app */;
			productType = "com.apple.product-type.application";
		};
/* End PBXNativeTarget section */

/* Begin PBXProject section */
		00D66B362993617B000B7AC7 /* Project object */ = {
			isa = PBXProject;
			attributes = {
				BuildIndependentTargetsInParallel = 1;
				LastSwiftUpdateCheck = 1400;
				LastUpgradeCheck = 1400;
				TargetAttributes = {
					00D66B3D2993617B000B7AC7 = {
						CreatedOnToolsVersion = 14.0.1;
					};
				};
			};
			buildConfigurationList = 00D66B392993617B000B7AC7 /* Build configuration list for PBXProject "phoneBook" */;
			compatibilityVersion = "Xcode 14.0";
			developmentRegion = en;
			hasScannedForEncodings = 0;
			knownRegions = (
				en,
				Base,
			);
			mainGroup = 00D66B352993617B000B7AC7;
			productRefGroup = 00D66B3F2993617B000B7AC7 /* Products */;
			projectDirPath = "";
			projectRoot = "";
			targets = (
				00D66B3D2993617B000B7AC7 /* phoneBook */,
			);
		};
/* End PBXProject section */

/* Begin PBXResourcesBuildPhase section */
		00D66B3C2993617B000B7AC7 /* Resources */ = {
			isa = PBXResourcesBuildPhase;
			buildActionMask = 2147483647;
			files = (
				00D66B4E2993617C000B7AC7 /* LaunchScreen.storyboard in Resources */,
				00D66B4B2993617C000B7AC7 /* Assets.xcassets in Resources */,
				00D66B492993617B000B7AC7 /* Main.storyboard in Resources */,
			);
			runOnlyForDeploymentPostprocessing = 0;
		};
/* End PBXResourcesBuildPhase section */

/* Begin PBXSourcesBuildPhase section */
		00D66B3A2993617B000B7AC7 /* Sources */ = {
			isa = PBXSourcesBuildPhase;
			buildActionMask = 2147483647;
			files = (
				00D66B5629936217000B7AC7 /* PhoneBookViewController.swift in Sources */,
				00D66B422993617B000B7AC7 /* AppDelegate.swift in Sources */,
				00D66B65299414BD000B7AC7 /* InformationViewControllers.swift in Sources */,
				00D66B5C299365D8000B7AC7 /* Person.swift in Sources */,
				00D66B5E29936739000B7AC7 /* DataStore.swift in Sources */,
				00D66B442993617B000B7AC7 /* SceneDelegate.swift in Sources */,
				00D66B692994BAED000B7AC7 /* DetailedInformationTableViewController.swift in Sources */,
			);
			runOnlyForDeploymentPostprocessing = 0;
		};
/* End PBXSourcesBuildPhase section */

/* Begin PBXVariantGroup section */
		00D66B472993617B000B7AC7 /* Main.storyboard */ = {
			isa = PBXVariantGroup;
			children = (
				00D66B482993617B000B7AC7 /* Base */,
			);
			name = Main.storyboard;
			sourceTree = "<group>";
		};
		00D66B4C2993617C000B7AC7 /* LaunchScreen.storyboard */ = {
			isa = PBXVariantGroup;
			children = (
				00D66B4D2993617C000B7AC7 /* Base */,
			);
			name = LaunchScreen.storyboard;
			sourceTree = "<group>";
		};
/* End PBXVariantGroup section */

/* Begin XCBuildConfiguration section */
		00D66B502993617C000B7AC7 /* Debug */ = {
			isa = XCBuildConfiguration;
			buildSettings = {
				ALWAYS_SEARCH_USER_PATHS = NO;
				CLANG_ANALYZER_NONNULL = YES;
				CLANG_ANALYZER_NUMBER_OBJECT_CONVERSION = YES_AGGRESSIVE;
				CLANG_CXX_LANGUAGE_STANDARD = "gnu++20";
				CLANG_ENABLE_MODULES = YES;
				CLANG_ENABLE_OBJC_ARC = YES;
				CLANG_ENABLE_OBJC_WEAK = YES;
				CLANG_WARN_BLOCK_CAPTURE_AUTORELEASING = YES;
				CLANG_WARN_BOOL_CONVERSION = YES;
				CLANG_WARN_COMMA = YES;
				CLANG_WARN_CONSTANT_CONVERSION = YES;
				CLANG_WARN_DEPRECATED_OBJC_IMPLEMENTATIONS = YES;
				CLANG_WARN_DIRECT_OBJC_ISA_USAGE = YES_ERROR;
				CLANG_WARN_DOCUMENTATION_COMMENTS = YES;
				CLANG_WARN_EMPTY_BODY = YES;
				CLANG_WARN_ENUM_CONVERSION = YES;
				CLANG_WARN_INFINITE_RECURSION = YES;
				CLANG_WARN_INT_CONVERSION = YES;
				CLANG_WARN_NON_LITERAL_NULL_CONVERSION = YES;
				CLANG_WARN_OBJC_IMPLICIT_RETAIN_SELF = YES;
				CLANG_WARN_OBJC_LITERAL_CONVERSION = YES;
				CLANG_WARN_OBJC_ROOT_CLASS = YES_ERROR;
				CLANG_WARN_QUOTED_INCLUDE_IN_FRAMEWORK_HEADER = YES;
				CLANG_WARN_RANGE_LOOP_ANALYSIS = YES;
				CLANG_WARN_STRICT_PROTOTYPES = YES;
				CLANG_WARN_SUSPICIOUS_MOVE = YES;
				CLANG_WARN_UNGUARDED_AVAILABILITY = YES_AGGRESSIVE;
				CLANG_WARN_UNREACHABLE_CODE = YES;
				CLANG_WARN__DUPLICATE_METHOD_MATCH = YES;
				COPY_PHASE_STRIP = NO;
				DEBUG_INFORMATION_FORMAT = dwarf;
				ENABLE_STRICT_OBJC_MSGSEND = YES;
				ENABLE_TESTABILITY = YES;
				GCC_C_LANGUAGE_STANDARD = gnu11;
				GCC_DYNAMIC_NO_PIC = NO;
				GCC_NO_COMMON_BLOCKS = YES;
				GCC_OPTIMIZATION_LEVEL = 0;
				GCC_PREPROCESSOR_DEFINITIONS = (
					"DEBUG=1",
					"$(inherited)",
				);
				GCC_WARN_64_TO_32_BIT_CONVERSION = YES;
				GCC_WARN_ABOUT_RETURN_TYPE = YES_ERROR;
				GCC_WARN_UNDECLARED_SELECTOR = YES;
				GCC_WARN_UNINITIALIZED_AUTOS = YES_AGGRESSIVE;
				GCC_WARN_UNUSED_FUNCTION = YES;
				GCC_WARN_UNUSED_VARIABLE = YES;
				IPHONEOS_DEPLOYMENT_TARGET = 16.0;
				MTL_ENABLE_DEBUG_INFO = INCLUDE_SOURCE;
				MTL_FAST_MATH = YES;
				ONLY_ACTIVE_ARCH = YES;
				SDKROOT = iphoneos;
				SWIFT_ACTIVE_COMPILATION_CONDITIONS = DEBUG;
				SWIFT_OPTIMIZATION_LEVEL = "-Onone";
			};
			name = Debug;
		};
		00D66B512993617C000B7AC7 /* Release */ = {
			isa = XCBuildConfiguration;
			buildSettings = {
				ALWAYS_SEARCH_USER_PATHS = NO;
				CLANG_ANALYZER_NONNULL = YES;
				CLANG_ANALYZER_NUMBER_OBJECT_CONVERSION = YES_AGGRESSIVE;
				CLANG_CXX_LANGUAGE_STANDARD = "gnu++20";
				CLANG_ENABLE_MODULES = YES;
				CLANG_ENABLE_OBJC_ARC = YES;
				CLANG_ENABLE_OBJC_WEAK = YES;
				CLANG_WARN_BLOCK_CAPTURE_AUTORELEASING = YES;
				CLANG_WARN_BOOL_CONVERSION = YES;
				CLANG_WARN_COMMA = YES;
				CLANG_WARN_CONSTANT_CONVERSION = YES;
				CLANG_WARN_DEPRECATED_OBJC_IMPLEMENTATIONS = YES;
				CLANG_WARN_DIRECT_OBJC_ISA_USAGE = YES_ERROR;
				CLANG_WARN_DOCUMENTATION_COMMENTS = YES;
				CLANG_WARN_EMPTY_BODY = YES;
				CLANG_WARN_ENUM_CONVERSION = YES;
				CLANG_WARN_INFINITE_RECURSION = YES;
				CLANG_WARN_INT_CONVERSION = YES;
				CLANG_WARN_NON_LITERAL_NULL_CONVERSION = YES;
				CLANG_WARN_OBJC_IMPLICIT_RETAIN_SELF = YES;
				CLANG_WARN_OBJC_LITERAL_CONVERSION = YES;
				CLANG_WARN_OBJC_ROOT_CLASS = YES_ERROR;
				CLANG_WARN_QUOTED_INCLUDE_IN_FRAMEWORK_HEADER = YES;
				CLANG_WARN_RANGE_LOOP_ANALYSIS = YES;
				CLANG_WARN_STRICT_PROTOTYPES = YES;
				CLANG_WARN_SUSPICIOUS_MOVE = YES;
				CLANG_WARN_UNGUARDED_AVAILABILITY = YES_AGGRESSIVE;
				CLANG_WARN_UNREACHABLE_CODE = YES;
				CLANG_WARN__DUPLICATE_METHOD_MATCH = YES;
				COPY_PHASE_STRIP = NO;
				DEBUG_INFORMATION_FORMAT = "dwarf-with-dsym";
				ENABLE_NS_ASSERTIONS = NO;
				ENABLE_STRICT_OBJC_MSGSEND = YES;
				GCC_C_LANGUAGE_STANDARD = gnu11;
				GCC_NO_COMMON_BLOCKS = YES;
				GCC_WARN_64_TO_32_BIT_CONVERSION = YES;
				GCC_WARN_ABOUT_RETURN_TYPE = YES_ERROR;
				GCC_WARN_UNDECLARED_SELECTOR = YES;
				GCC_WARN_UNINITIALIZED_AUTOS = YES_AGGRESSIVE;
				GCC_WARN_UNUSED_FUNCTION = YES;
				GCC_WARN_UNUSED_VARIABLE = YES;
				IPHONEOS_DEPLOYMENT_TARGET = 16.0;
				MTL_ENABLE_DEBUG_INFO = NO;
				MTL_FAST_MATH = YES;
				SDKROOT = iphoneos;
				SWIFT_COMPILATION_MODE = wholemodule;
				SWIFT_OPTIMIZATION_LEVEL = "-O";
				VALIDATE_PRODUCT = YES;
			};
			name = Release;
		};
		00D66B532993617C000B7AC7 /* Debug */ = {
			isa = XCBuildConfiguration;
			buildSettings = {
				ASSETCATALOG_COMPILER_APPICON_NAME = AppIcon;
				ASSETCATALOG_COMPILER_GLOBAL_ACCENT_COLOR_NAME = AccentColor;
				CODE_SIGN_STYLE = Automatic;
				CURRENT_PROJECT_VERSION = 1;
				DEVELOPMENT_TEAM = 83JUGS5HZ3;
				GENERATE_INFOPLIST_FILE = YES;
				INFOPLIST_FILE = phoneBook/Info.plist;
				INFOPLIST_KEY_UIApplicationSupportsIndirectInputEvents = YES;
				INFOPLIST_KEY_UILaunchStoryboardName = LaunchScreen;
				INFOPLIST_KEY_UIMainStoryboardFile = Main;
				INFOPLIST_KEY_UISupportedInterfaceOrientations_iPad = "UIInterfaceOrientationPortrait UIInterfaceOrientationPortraitUpsideDown UIInterfaceOrientationLandscapeLeft UIInterfaceOrientationLandscapeRight";
				INFOPLIST_KEY_UISupportedInterfaceOrientations_iPhone = "UIInterfaceOrientationPortrait UIInterfaceOrientationLandscapeLeft UIInterfaceOrientationLandscapeRight";
				LD_RUNPATH_SEARCH_PATHS = (
					"$(inherited)",
					"@executable_path/Frameworks",
				);
				MARKETING_VERSION = 1.0;
				PRODUCT_BUNDLE_IDENTIFIER = TatsianaPauliukova.phoneBook;
				PRODUCT_NAME = "$(TARGET_NAME)";
				SUPPORTED_PLATFORMS = "iphoneos iphonesimulator";
				SUPPORTS_MACCATALYST = NO;
				SUPPORTS_MAC_DESIGNED_FOR_IPHONE_IPAD = NO;
				SWIFT_EMIT_LOC_STRINGS = YES;
				SWIFT_VERSION = 5.0;
				TARGETED_DEVICE_FAMILY = 1;
			};
			name = Debug;
		};
		00D66B542993617C000B7AC7 /* Release */ = {
			isa = XCBuildConfiguration;
			buildSettings = {
				ASSETCATALOG_COMPILER_APPICON_NAME = AppIcon;
				ASSETCATALOG_COMPILER_GLOBAL_ACCENT_COLOR_NAME = AccentColor;
				CODE_SIGN_STYLE = Automatic;
				CURRENT_PROJECT_VERSION = 1;
				DEVELOPMENT_TEAM = 83JUGS5HZ3;
				GENERATE_INFOPLIST_FILE = YES;
				INFOPLIST_FILE = phoneBook/Info.plist;
				INFOPLIST_KEY_UIApplicationSupportsIndirectInputEvents = YES;
				INFOPLIST_KEY_UILaunchStoryboardName = LaunchScreen;
				INFOPLIST_KEY_UIMainStoryboardFile = Main;
				INFOPLIST_KEY_UISupportedInterfaceOrientations_iPad = "UIInterfaceOrientationPortrait UIInterfaceOrientationPortraitUpsideDown UIInterfaceOrientationLandscapeLeft UIInterfaceOrientationLandscapeRight";
				INFOPLIST_KEY_UISupportedInterfaceOrientations_iPhone = "UIInterfaceOrientationPortrait UIInterfaceOrientationLandscapeLeft UIInterfaceOrientationLandscapeRight";
				LD_RUNPATH_SEARCH_PATHS = (
					"$(inherited)",
					"@executable_path/Frameworks",
				);
				MARKETING_VERSION = 1.0;
				PRODUCT_BUNDLE_IDENTIFIER = TatsianaPauliukova.phoneBook;
				PRODUCT_NAME = "$(TARGET_NAME)";
				SUPPORTED_PLATFORMS = "iphoneos iphonesimulator";
				SUPPORTS_MACCATALYST = NO;
				SUPPORTS_MAC_DESIGNED_FOR_IPHONE_IPAD = NO;
				SWIFT_EMIT_LOC_STRINGS = YES;
				SWIFT_VERSION = 5.0;
				TARGETED_DEVICE_FAMILY = 1;
			};
			name = Release;
		};
/* End XCBuildConfiguration section */

/* Begin XCConfigurationList section */
		00D66B392993617B000B7AC7 /* Build configuration list for PBXProject "phoneBook" */ = {
			isa = XCConfigurationList;
			buildConfigurations = (
				00D66B502993617C000B7AC7 /* Debug */,
				00D66B512993617C000B7AC7 /* Release */,
			);
			defaultConfigurationIsVisible = 0;
			defaultConfigurationName = Release;
		};
		00D66B522993617C000B7AC7 /* Build configuration list for PBXNativeTarget "phoneBook" */ = {
			isa = XCConfigurationList;
			buildConfigurations = (
				00D66B532993617C000B7AC7 /* Debug */,
				00D66B542993617C000B7AC7 /* Release */,
			);
			defaultConfigurationIsVisible = 0;
			defaultConfigurationName = Release;
		};
/* End XCConfigurationList section */
	};
	rootObject = 00D66B362993617B000B7AC7 /* Project object */;
}
